
Microsoft Visual Studio Solution File, Format Version 12.00
# Visual Studio Version 17
VisualStudioVersion = 17.14.36301.6
MinimumVisualStudioVersion = 10.0.40219.1
Project("{FAE04EC0-301F-11D3-BF4B-00C04F79EFBC}") = "MVC_Learn", "MVC_Learn\MVC_Learn.csproj", "{C322EF0D-CA58-4E1C-B17F-5ED0B495E472}"
EndProject
Project("{FAE04EC0-301F-11D3-BF4B-00C04F79EFBC}") = "File Handling", "File Handling\File Handling.csproj", "{4A695C28-A3E6-4F7C-8B48-449095249410}"
EndProject
Global
	GlobalSection(SolutionConfigurationPlatforms) = preSolution
		Debug|Any CPU = Debug|Any CPU
		Release|Any CPU = Release|Any CPU
	EndGlobalSection
	GlobalSection(ProjectConfigurationPlatforms) = postSolution
		{C322EF0D-CA58-4E1C-B17F-5ED0B495E472}.Debug|Any CPU.ActiveCfg = Debug|Any CPU
		{C322EF0D-CA58-4E1C-B17F-5ED0B495E472}.Debug|Any CPU.Build.0 = Debug|Any CPU
		{C322EF0D-CA58-4E1C-B17F-5ED0B495E472}.Release|Any CPU.ActiveCfg = Release|Any CPU
		{C322EF0D-CA58-4E1C-B17F-5ED0B495E472}.Release|Any CPU.Build.0 = Release|Any CPU
		{4A695C28-A3E6-4F7C-8B48-449095249410}.Debug|Any CPU.ActiveCfg = Debug|Any CPU
		{4A695C28-A3E6-4F7C-8B48-449095249410}.Debug|Any CPU.Build.0 = Debug|Any CPU
		{4A695C28-A3E6-4F7C-8B48-449095249410}.Release|Any CPU.ActiveCfg = Release|Any CPU
		{4A695C28-A3E6-4F7C-8B48-449095249410}.Release|Any CPU.Build.0 = Release|Any CPU
	EndGlobalSection
	GlobalSection(SolutionProperties) = preSolution
		HideSolutionNode = FALSE
	EndGlobalSection
	GlobalSection(ExtensibilityGlobals) = postSolution
		SolutionGuid = {DCF88662-DC84-4C83-903B-D42262E84DAA}
	EndGlobalSection
EndGlobal
